// !$*UTF8*$!
{
	archiveVersion = 1;
	classes = {
	};
	objectVersion = 50;
	objects = {

/* Begin PBXBuildFile section */
		3D142C9524A03B53009752F5 /* Food.swift in Sources */ = {isa = PBXBuildFile; fileRef = 3D142C9424A03B53009752F5 /* Food.swift */; };
		3D3D664124A15EC000FE06A3 /* AppConstants.swift in Sources */ = {isa = PBXBuildFile; fileRef = 3D3D664024A15EC000FE06A3 /* AppConstants.swift */; };
		3DC3D858249BD46C0056C171 /* AppDelegate.swift in Sources */ = {isa = PBXBuildFile; fileRef = 3DC3D857249BD46C0056C171 /* AppDelegate.swift */; };
		3DC3D85A249BD46C0056C171 /* SceneDelegate.swift in Sources */ = {isa = PBXBuildFile; fileRef = 3DC3D859249BD46C0056C171 /* SceneDelegate.swift */; };
		3DC3D85C249BD46C0056C171 /* FoodController.swift in Sources */ = {isa = PBXBuildFile; fileRef = 3DC3D85B249BD46C0056C171 /* FoodController.swift */; };
		3DC3D85F249BD46C0056C171 /* Main.storyboard in Resources */ = {isa = PBXBuildFile; fileRef = 3DC3D85D249BD46C0056C171 /* Main.storyboard */; };
		3DC3D862249BD46C0056C171 /* FoodManager.xcdatamodeld in Sources */ = {isa = PBXBuildFile; fileRef = 3DC3D860249BD46C0056C171 /* FoodManager.xcdatamodeld */; };
		3DC3D864249BD46D0056C171 /* Assets.xcassets in Resources */ = {isa = PBXBuildFile; fileRef = 3DC3D863249BD46D0056C171 /* Assets.xcassets */; };
		3DC3D867249BD46D0056C171 /* LaunchScreen.storyboard in Resources */ = {isa = PBXBuildFile; fileRef = 3DC3D865249BD46D0056C171 /* LaunchScreen.storyboard */; };
		3DC3D86F249BD4880056C171 /* Service.swift in Sources */ = {isa = PBXBuildFile; fileRef = 3DC3D86E249BD4880056C171 /* Service.swift */; };
		3DC3D877249BD5840056C171 /* CoreDataManager.swift in Sources */ = {isa = PBXBuildFile; fileRef = 3DC3D876249BD5840056C171 /* CoreDataManager.swift */; };
		3DC3D87A249BD5B80056C171 /* FoodViewModel.swift in Sources */ = {isa = PBXBuildFile; fileRef = 3DC3D879249BD5B80056C171 /* FoodViewModel.swift */; };
		3DC3D87E249BDF7F0056C171 /* DetailController.swift in Sources */ = {isa = PBXBuildFile; fileRef = 3DC3D87D249BDF7F0056C171 /* DetailController.swift */; };
		3DC3D881249BE0790056C171 /* FoodInfoCell.swift in Sources */ = {isa = PBXBuildFile; fileRef = 3DC3D880249BE0790056C171 /* FoodInfoCell.swift */; };
/* End PBXBuildFile section */

/* Begin PBXFileReference section */
		3D142C9424A03B53009752F5 /* Food.swift */ = {isa = PBXFileReference; lastKnownFileType = sourcecode.swift; path = Food.swift; sourceTree = "<group>"; };
		3D3D664024A15EC000FE06A3 /* AppConstants.swift */ = {isa = PBXFileReference; lastKnownFileType = sourcecode.swift; path = AppConstants.swift; sourceTree = "<group>"; };
		3DC3D854249BD46C0056C171 /* FoodManager.app */ = {isa = PBXFileReference; explicitFileType = wrapper.application; includeInIndex = 0; path = FoodManager.app; sourceTree = BUILT_PRODUCTS_DIR; };
		3DC3D857249BD46C0056C171 /* AppDelegate.swift */ = {isa = PBXFileReference; lastKnownFileType = sourcecode.swift; path = AppDelegate.swift; sourceTree = "<group>"; };
		3DC3D859249BD46C0056C171 /* SceneDelegate.swift */ = {isa = PBXFileReference; lastKnownFileType = sourcecode.swift; path = SceneDelegate.swift; sourceTree = "<group>"; };
		3DC3D85B249BD46C0056C171 /* FoodController.swift */ = {isa = PBXFileReference; lastKnownFileType = sourcecode.swift; path = FoodController.swift; sourceTree = "<group>"; };
		3DC3D85E249BD46C0056C171 /* Base */ = {isa = PBXFileReference; lastKnownFileType = file.storyboard; name = Base; path = Base.lproj/Main.storyboard; sourceTree = "<group>"; };
		3DC3D861249BD46C0056C171 /* FoodManager.xcdatamodel */ = {isa = PBXFileReference; lastKnownFileType = wrapper.xcdatamodel; path = FoodManager.xcdatamodel; sourceTree = "<group>"; };
		3DC3D863249BD46D0056C171 /* Assets.xcassets */ = {isa = PBXFileReference; lastKnownFileType = folder.assetcatalog; path = Assets.xcassets; sourceTree = "<group>"; };
		3DC3D866249BD46D0056C171 /* Base */ = {isa = PBXFileReference; lastKnownFileType = file.storyboard; name = Base; path = Base.lproj/LaunchScreen.storyboard; sourceTree = "<group>"; };
		3DC3D868249BD46D0056C171 /* Info.plist */ = {isa = PBXFileReference; lastKnownFileType = text.plist.xml; path = Info.plist; sourceTree = "<group>"; };
		3DC3D86E249BD4880056C171 /* Service.swift */ = {isa = PBXFileReference; lastKnownFileType = sourcecode.swift; path = Service.swift; sourceTree = "<group>"; };
		3DC3D876249BD5840056C171 /* CoreDataManager.swift */ = {isa = PBXFileReference; lastKnownFileType = sourcecode.swift; path = CoreDataManager.swift; sourceTree = "<group>"; };
		3DC3D879249BD5B80056C171 /* FoodViewModel.swift */ = {isa = PBXFileReference; lastKnownFileType = sourcecode.swift; path = FoodViewModel.swift; sourceTree = "<group>"; };
		3DC3D87D249BDF7F0056C171 /* DetailController.swift */ = {isa = PBXFileReference; lastKnownFileType = sourcecode.swift; path = DetailController.swift; sourceTree = "<group>"; };
		3DC3D880249BE0790056C171 /* FoodInfoCell.swift */ = {isa = PBXFileReference; lastKnownFileType = sourcecode.swift; path = FoodInfoCell.swift; sourceTree = "<group>"; };
/* End PBXFileReference section */

/* Begin PBXFrameworksBuildPhase section */
		3DC3D851249BD46C0056C171 /* Frameworks */ = {
			isa = PBXFrameworksBuildPhase;
			buildActionMask = 2147483647;
			files = (
			);
			runOnlyForDeploymentPostprocessing = 0;
		};
/* End PBXFrameworksBuildPhase section */

/* Begin PBXGroup section */
		3DC3D84B249BD46C0056C171 = {
			isa = PBXGroup;
			children = (
				3DC3D856249BD46C0056C171 /* FoodManager */,
				3DC3D855249BD46C0056C171 /* Products */,
			);
			sourceTree = "<group>";
		};
		3DC3D855249BD46C0056C171 /* Products */ = {
			isa = PBXGroup;
			children = (
				3DC3D854249BD46C0056C171 /* FoodManager.app */,
			);
			name = Products;
			sourceTree = "<group>";
		};
		3DC3D856249BD46C0056C171 /* FoodManager */ = {
			isa = PBXGroup;
			children = (
				3DC3D870249BD50F0056C171 /* Common */,
				3DC3D874249BD5390056C171 /* Model */,
				3DC3D872249BD5220056C171 /* View */,
				3DC3D878249BD5A90056C171 /* ViewModel */,
				3DC3D871249BD5180056C171 /* Controller */,
				3DC3D873249BD52A0056C171 /* SupportFiles */,
			);
			path = FoodManager;
			sourceTree = "<group>";
		};
		3DC3D870249BD50F0056C171 /* Common */ = {
			isa = PBXGroup;
			children = (
				3DC3D857249BD46C0056C171 /* AppDelegate.swift */,
				3DC3D859249BD46C0056C171 /* SceneDelegate.swift */,
				3DC3D875249BD5460056C171 /* Utils */,
			);
			path = Common;
			sourceTree = "<group>";
		};
		3DC3D871249BD5180056C171 /* Controller */ = {
			isa = PBXGroup;
			children = (
				3DC3D85B249BD46C0056C171 /* FoodController.swift */,
				3DC3D87D249BDF7F0056C171 /* DetailController.swift */,
			);
			path = Controller;
			sourceTree = "<group>";
		};
		3DC3D872249BD5220056C171 /* View */ = {
			isa = PBXGroup;
			children = (
				3DC3D87F249BE0550056C171 /* CustomizeCell */,
				3DC3D85D249BD46C0056C171 /* Main.storyboard */,
				3DC3D865249BD46D0056C171 /* LaunchScreen.storyboard */,
			);
			path = View;
			sourceTree = "<group>";
		};
		3DC3D873249BD52A0056C171 /* SupportFiles */ = {
			isa = PBXGroup;
			children = (
				3DC3D863249BD46D0056C171 /* Assets.xcassets */,
				3DC3D868249BD46D0056C171 /* Info.plist */,
			);
			name = SupportFiles;
			sourceTree = "<group>";
		};
		3DC3D874249BD5390056C171 /* Model */ = {
			isa = PBXGroup;
			children = (
				3DC3D860249BD46C0056C171 /* FoodManager.xcdatamodeld */,
				3D142C9424A03B53009752F5 /* Food.swift */,
			);
			path = Model;
			sourceTree = "<group>";
		};
		3DC3D875249BD5460056C171 /* Utils */ = {
			isa = PBXGroup;
			children = (
				3DC3D86E249BD4880056C171 /* Service.swift */,
				3DC3D876249BD5840056C171 /* CoreDataManager.swift */,
				3D3D664024A15EC000FE06A3 /* AppConstants.swift */,
			);
			path = Utils;
			sourceTree = "<group>";
		};
		3DC3D878249BD5A90056C171 /* ViewModel */ = {
			isa = PBXGroup;
			children = (
				3DC3D879249BD5B80056C171 /* FoodViewModel.swift */,
			);
			path = ViewModel;
			sourceTree = "<group>";
		};
		3DC3D87F249BE0550056C171 /* CustomizeCell */ = {
			isa = PBXGroup;
			children = (
				3DC3D880249BE0790056C171 /* FoodInfoCell.swift */,
			);
			path = CustomizeCell;
			sourceTree = "<group>";
		};
/* End PBXGroup section */

/* Begin PBXNativeTarget section */
		3DC3D853249BD46C0056C171 /* FoodManager */ = {
			isa = PBXNativeTarget;
			buildConfigurationList = 3DC3D86B249BD46D0056C171 /* Build configuration list for PBXNativeTarget "FoodManager" */;
			buildPhases = (
				3DC3D850249BD46C0056C171 /* Sources */,
				3DC3D851249BD46C0056C171 /* Frameworks */,
				3DC3D852249BD46C0056C171 /* Resources */,
			);
			buildRules = (
			);
			dependencies = (
			);
			name = FoodManager;
			productName = FoodManager;
			productReference = 3DC3D854249BD46C0056C171 /* FoodManager.app */;
			productType = "com.apple.product-type.application";
		};
/* End PBXNativeTarget section */

/* Begin PBXProject section */
		3DC3D84C249BD46C0056C171 /* Project object */ = {
			isa = PBXProject;
			attributes = {
				LastSwiftUpdateCheck = 1150;
				LastUpgradeCheck = 1150;
				ORGANIZATIONNAME = ShawnLi;
				TargetAttributes = {
					3DC3D853249BD46C0056C171 = {
						CreatedOnToolsVersion = 11.5;
					};
				};
			};
			buildConfigurationList = 3DC3D84F249BD46C0056C171 /* Build configuration list for PBXProject "FoodManager" */;
			compatibilityVersion = "Xcode 9.3";
			developmentRegion = en;
			hasScannedForEncodings = 0;
			knownRegions = (
				en,
				Base,
			);
			mainGroup = 3DC3D84B249BD46C0056C171;
			productRefGroup = 3DC3D855249BD46C0056C171 /* Products */;
			projectDirPath = "";
			projectRoot = "";
			targets = (
				3DC3D853249BD46C0056C171 /* FoodManager */,
			);
		};
/* End PBXProject section */

/* Begin PBXResourcesBuildPhase section */
		3DC3D852249BD46C0056C171 /* Resources */ = {
			isa = PBXResourcesBuildPhase;
			buildActionMask = 2147483647;
			files = (
				3DC3D867249BD46D0056C171 /* LaunchScreen.storyboard in Resources */,
				3DC3D864249BD46D0056C171 /* Assets.xcassets in Resources */,
				3DC3D85F249BD46C0056C171 /* Main.storyboard in Resources */,
			);
			runOnlyForDeploymentPostprocessing = 0;
		};
/* End PBXResourcesBuildPhase section */

/* Begin PBXSourcesBuildPhase section */
		3DC3D850249BD46C0056C171 /* Sources */ = {
			isa = PBXSourcesBuildPhase;
			buildActionMask = 2147483647;
			files = (
				3DC3D881249BE0790056C171 /* FoodInfoCell.swift in Sources */,
				3DC3D87E249BDF7F0056C171 /* DetailController.swift in Sources */,
				3DC3D877249BD5840056C171 /* CoreDataManager.swift in Sources */,
				3D3D664124A15EC000FE06A3 /* AppConstants.swift in Sources */,
				3DC3D85C249BD46C0056C171 /* FoodController.swift in Sources */,
				3DC3D858249BD46C0056C171 /* AppDelegate.swift in Sources */,
				3DC3D86F249BD4880056C171 /* Service.swift in Sources */,
				3DC3D85A249BD46C0056C171 /* SceneDelegate.swift in Sources */,
				3D142C9524A03B53009752F5 /* Food.swift in Sources */,
				3DC3D862249BD46C0056C171 /* FoodManager.xcdatamodeld in Sources */,
				3DC3D87A249BD5B80056C171 /* FoodViewModel.swift in Sources */,
			);
			runOnlyForDeploymentPostprocessing = 0;
		};
/* End PBXSourcesBuildPhase section */

/* Begin PBXVariantGroup section */
		3DC3D85D249BD46C0056C171 /* Main.storyboard */ = {
			isa = PBXVariantGroup;
			children = (
				3DC3D85E249BD46C0056C171 /* Base */,
			);
			name = Main.storyboard;
			sourceTree = "<group>";
		};
		3DC3D865249BD46D0056C171 /* LaunchScreen.storyboard */ = {
			isa = PBXVariantGroup;
			children = (
				3DC3D866249BD46D0056C171 /* Base */,
			);
			name = LaunchScreen.storyboard;
			sourceTree = "<group>";
		};
/* End PBXVariantGroup section */

/* Begin XCBuildConfiguration section */
		3DC3D869249BD46D0056C171 /* Debug */ = {
			isa = XCBuildConfiguration;
			buildSettings = {
				ALWAYS_SEARCH_USER_PATHS = NO;
				CLANG_ANALYZER_NONNULL = YES;
				CLANG_ANALYZER_NUMBER_OBJECT_CONVERSION = YES_AGGRESSIVE;
				CLANG_CXX_LANGUAGE_STANDARD = "gnu++14";
				CLANG_CXX_LIBRARY = "libc++";
				CLANG_ENABLE_MODULES = YES;
				CLANG_ENABLE_OBJC_ARC = YES;
				CLANG_ENABLE_OBJC_WEAK = YES;
				CLANG_WARN_BLOCK_CAPTURE_AUTORELEASING = YES;
				CLANG_WARN_BOOL_CONVERSION = YES;
				CLANG_WARN_COMMA = YES;
				CLANG_WARN_CONSTANT_CONVERSION = YES;
				CLANG_WARN_DEPRECATED_OBJC_IMPLEMENTATIONS = YES;
				CLANG_WARN_DIRECT_OBJC_ISA_USAGE = YES_ERROR;
				CLANG_WARN_DOCUMENTATION_COMMENTS = YES;
				CLANG_WARN_EMPTY_BODY = YES;
				CLANG_WARN_ENUM_CONVERSION = YES;
				CLANG_WARN_INFINITE_RECURSION = YES;
				CLANG_WARN_INT_CONVERSION = YES;
				CLANG_WARN_NON_LITERAL_NULL_CONVERSION = YES;
				CLANG_WARN_OBJC_IMPLICIT_RETAIN_SELF = YES;
				CLANG_WARN_OBJC_LITERAL_CONVERSION = YES;
				CLANG_WARN_OBJC_ROOT_CLASS = YES_ERROR;
				CLANG_WARN_RANGE_LOOP_ANALYSIS = YES;
				CLANG_WARN_STRICT_PROTOTYPES = YES;
				CLANG_WARN_SUSPICIOUS_MOVE = YES;
				CLANG_WARN_UNGUARDED_AVAILABILITY = YES_AGGRESSIVE;
				CLANG_WARN_UNREACHABLE_CODE = YES;
				CLANG_WARN__DUPLICATE_METHOD_MATCH = YES;
				COPY_PHASE_STRIP = NO;
				DEBUG_INFORMATION_FORMAT = dwarf;
				ENABLE_STRICT_OBJC_MSGSEND = YES;
				ENABLE_TESTABILITY = YES;
				GCC_C_LANGUAGE_STANDARD = gnu11;
				GCC_DYNAMIC_NO_PIC = NO;
				GCC_NO_COMMON_BLOCKS = YES;
				GCC_OPTIMIZATION_LEVEL = 0;
				GCC_PREPROCESSOR_DEFINITIONS = (
					"DEBUG=1",
					"$(inherited)",
				);
				GCC_WARN_64_TO_32_BIT_CONVERSION = YES;
				GCC_WARN_ABOUT_RETURN_TYPE = YES_ERROR;
				GCC_WARN_UNDECLARED_SELECTOR = YES;
				GCC_WARN_UNINITIALIZED_AUTOS = YES_AGGRESSIVE;
				GCC_WARN_UNUSED_FUNCTION = YES;
				GCC_WARN_UNUSED_VARIABLE = YES;
				IPHONEOS_DEPLOYMENT_TARGET = 13.5;
				MTL_ENABLE_DEBUG_INFO = INCLUDE_SOURCE;
				MTL_FAST_MATH = YES;
				ONLY_ACTIVE_ARCH = YES;
				SDKROOT = iphoneos;
				SWIFT_ACTIVE_COMPILATION_CONDITIONS = DEBUG;
				SWIFT_OPTIMIZATION_LEVEL = "-Onone";
			};
			name = Debug;
		};
		3DC3D86A249BD46D0056C171 /* Release */ = {
			isa = XCBuildConfiguration;
			buildSettings = {
				ALWAYS_SEARCH_USER_PATHS = NO;
				CLANG_ANALYZER_NONNULL = YES;
				CLANG_ANALYZER_NUMBER_OBJECT_CONVERSION = YES_AGGRESSIVE;
				CLANG_CXX_LANGUAGE_STANDARD = "gnu++14";
				CLANG_CXX_LIBRARY = "libc++";
				CLANG_ENABLE_MODULES = YES;
				CLANG_ENABLE_OBJC_ARC = YES;
				CLANG_ENABLE_OBJC_WEAK = YES;
				CLANG_WARN_BLOCK_CAPTURE_AUTORELEASING = YES;
				CLANG_WARN_BOOL_CONVERSION = YES;
				CLANG_WARN_COMMA = YES;
				CLANG_WARN_CONSTANT_CONVERSION = YES;
				CLANG_WARN_DEPRECATED_OBJC_IMPLEMENTATIONS = YES;
				CLANG_WARN_DIRECT_OBJC_ISA_USAGE = YES_ERROR;
				CLANG_WARN_DOCUMENTATION_COMMENTS = YES;
				CLANG_WARN_EMPTY_BODY = YES;
				CLANG_WARN_ENUM_CONVERSION = YES;
				CLANG_WARN_INFINITE_RECURSION = YES;
				CLANG_WARN_INT_CONVERSION = YES;
				CLANG_WARN_NON_LITERAL_NULL_CONVERSION = YES;
				CLANG_WARN_OBJC_IMPLICIT_RETAIN_SELF = YES;
				CLANG_WARN_OBJC_LITERAL_CONVERSION = YES;
				CLANG_WARN_OBJC_ROOT_CLASS = YES_ERROR;
				CLANG_WARN_RANGE_LOOP_ANALYSIS = YES;
				CLANG_WARN_STRICT_PROTOTYPES = YES;
				CLANG_WARN_SUSPICIOUS_MOVE = YES;
				CLANG_WARN_UNGUARDED_AVAILABILITY = YES_AGGRESSIVE;
				CLANG_WARN_UNREACHABLE_CODE = YES;
				CLANG_WARN__DUPLICATE_METHOD_MATCH = YES;
				COPY_PHASE_STRIP = NO;
				DEBUG_INFORMATION_FORMAT = "dwarf-with-dsym";
				ENABLE_NS_ASSERTIONS = NO;
				ENABLE_STRICT_OBJC_MSGSEND = YES;
				GCC_C_LANGUAGE_STANDARD = gnu11;
				GCC_NO_COMMON_BLOCKS = YES;
				GCC_WARN_64_TO_32_BIT_CONVERSION = YES;
				GCC_WARN_ABOUT_RETURN_TYPE = YES_ERROR;
				GCC_WARN_UNDECLARED_SELECTOR = YES;
				GCC_WARN_UNINITIALIZED_AUTOS = YES_AGGRESSIVE;
				GCC_WARN_UNUSED_FUNCTION = YES;
				GCC_WARN_UNUSED_VARIABLE = YES;
				IPHONEOS_DEPLOYMENT_TARGET = 13.5;
				MTL_ENABLE_DEBUG_INFO = NO;
				MTL_FAST_MATH = YES;
				SDKROOT = iphoneos;
				SWIFT_COMPILATION_MODE = wholemodule;
				SWIFT_OPTIMIZATION_LEVEL = "-O";
				VALIDATE_PRODUCT = YES;
			};
			name = Release;
		};
		3DC3D86C249BD46D0056C171 /* Debug */ = {
			isa = XCBuildConfiguration;
			buildSettings = {
				ASSETCATALOG_COMPILER_APPICON_NAME = AppIcon;
				CODE_SIGN_STYLE = Automatic;
				DEVELOPMENT_TEAM = 2NAJ323R5S;
				INFOPLIST_FILE = FoodManager/Info.plist;
				LD_RUNPATH_SEARCH_PATHS = (
					"$(inherited)",
					"@executable_path/Frameworks",
				);
				PRODUCT_BUNDLE_IDENTIFIER = com.shawnli.FoodManager;
				PRODUCT_NAME = "$(TARGET_NAME)";
				SWIFT_VERSION = 5.0;
				TARGETED_DEVICE_FAMILY = "1,2";
			};
			name = Debug;
		};
		3DC3D86D249BD46D0056C171 /* Release */ = {
			isa = XCBuildConfiguration;
			buildSettings = {
				ASSETCATALOG_COMPILER_APPICON_NAME = AppIcon;
				CODE_SIGN_STYLE = Automatic;
				DEVELOPMENT_TEAM = 2NAJ323R5S;
				INFOPLIST_FILE = FoodManager/Info.plist;
				LD_RUNPATH_SEARCH_PATHS = (
					"$(inherited)",
					"@executable_path/Frameworks",
				);
				PRODUCT_BUNDLE_IDENTIFIER = com.shawnli.FoodManager;
				PRODUCT_NAME = "$(TARGET_NAME)";
				SWIFT_VERSION = 5.0;
				TARGETED_DEVICE_FAMILY = "1,2";
			};
			name = Release;
		};
/* End XCBuildConfiguration section */

/* Begin XCConfigurationList section */
		3DC3D84F249BD46C0056C171 /* Build configuration list for PBXProject "FoodManager" */ = {
			isa = XCConfigurationList;
			buildConfigurations = (
				3DC3D869249BD46D0056C171 /* Debug */,
				3DC3D86A249BD46D0056C171 /* Release */,
			);
			defaultConfigurationIsVisible = 0;
			defaultConfigurationName = Release;
		};
		3DC3D86B249BD46D0056C171 /* Build configuration list for PBXNativeTarget "FoodManager" */ = {
			isa = XCConfigurationList;
			buildConfigurations = (
				3DC3D86C249BD46D0056C171 /* Debug */,
				3DC3D86D249BD46D0056C171 /* Release */,
			);
			defaultConfigurationIsVisible = 0;
			defaultConfigurationName = Release;
		};
/* End XCConfigurationList section */

/* Begin XCVersionGroup section */
		3DC3D860249BD46C0056C171 /* FoodManager.xcdatamodeld */ = {
			isa = XCVersionGroup;
			children = (
				3DC3D861249BD46C0056C171 /* FoodManager.xcdatamodel */,
			);
			currentVersion = 3DC3D861249BD46C0056C171 /* FoodManager.xcdatamodel */;
			path = FoodManager.xcdatamodeld;
			sourceTree = "<group>";
			versionGroupType = wrapper.xcdatamodel;
		};
/* End XCVersionGroup section */
	};
	rootObject = 3DC3D84C249BD46C0056C171 /* Project object */;
}
